<Solution>
  <Project Path="CRUDCoursesApp/CRUDCoursesApp.csproj" />
  <Project Path="CRUDCoursesAppTest/CRUDCoursesAppTest.csproj" />
  <Project Path="Entities/Entities.csproj" />
  <Project Path="Repository/Repository.csproj" />
  <Project Path="RepositoryContracts/RepositoryContracts.csproj" />
  <Project Path="ServiceContracts/ServiceContracts.csproj" />
  <Project Path="Services/Services.csproj" />
</Solution>
